
Microsoft Visual Studio Solution File, Format Version 12.00
# Visual Studio 2012
Project("{FAE04EC0-301F-11D3-BF4B-00C04F79EFBC}") = "JournalToJSON", "JournalToJSON\JournalToJSON.csproj", "{926C83B8-43FE-464C-A46E-758F0EFE0061}"
EndProject
Project("{FAE04EC0-301F-11D3-BF4B-00C04F79EFBC}") = "JournalImageProcessor", "JournalImageProcessor\JournalImageProcessor.csproj", "{D4EF4F4C-74CC-429A-B309-F6C7AB771EC2}"
EndProject
Project("{FAE04EC0-301F-11D3-BF4B-00C04F79EFBC}") = "JournalTests", "JournalTests\JournalTests.csproj", "{C514D9FA-4429-4928-95EE-01016AF4F716}"
EndProject
Global
	GlobalSection(SolutionConfigurationPlatforms) = preSolution
		Debug|Any CPU = Debug|Any CPU
		Release|Any CPU = Release|Any CPU
	EndGlobalSection
	GlobalSection(ProjectConfigurationPlatforms) = postSolution
		{926C83B8-43FE-464C-A46E-758F0EFE0061}.Debug|Any CPU.ActiveCfg = Debug|Any CPU
		{926C83B8-43FE-464C-A46E-758F0EFE0061}.Debug|Any CPU.Build.0 = Debug|Any CPU
		{926C83B8-43FE-464C-A46E-758F0EFE0061}.Release|Any CPU.ActiveCfg = Release|Any CPU
		{926C83B8-43FE-464C-A46E-758F0EFE0061}.Release|Any CPU.Build.0 = Release|Any CPU
		{D4EF4F4C-74CC-429A-B309-F6C7AB771EC2}.Debug|Any CPU.ActiveCfg = Debug|Any CPU
		{D4EF4F4C-74CC-429A-B309-F6C7AB771EC2}.Debug|Any CPU.Build.0 = Debug|Any CPU
		{D4EF4F4C-74CC-429A-B309-F6C7AB771EC2}.Release|Any CPU.ActiveCfg = Release|Any CPU
		{D4EF4F4C-74CC-429A-B309-F6C7AB771EC2}.Release|Any CPU.Build.0 = Release|Any CPU
		{C514D9FA-4429-4928-95EE-01016AF4F716}.Debug|Any CPU.ActiveCfg = Debug|Any CPU
		{C514D9FA-4429-4928-95EE-01016AF4F716}.Debug|Any CPU.Build.0 = Debug|Any CPU
		{C514D9FA-4429-4928-95EE-01016AF4F716}.Release|Any CPU.ActiveCfg = Release|Any CPU
		{C514D9FA-4429-4928-95EE-01016AF4F716}.Release|Any CPU.Build.0 = Release|Any CPU
	EndGlobalSection
	GlobalSection(SolutionProperties) = preSolution
		HideSolutionNode = FALSE
	EndGlobalSection
EndGlobal
